// !$*UTF8*$!
{
	archiveVersion = 1;
	classes = {
	};
	objectVersion = 77;
	objects = {

/* Begin PBXContainerItemProxy section */
		848F40AD2CACAEE400CEC7B3 /* PBXContainerItemProxy */ = {
			isa = PBXContainerItemProxy;
			containerPortal = 848F40942CACAEE200CEC7B3 /* Project object */;
			proxyType = 1;
			remoteGlobalIDString = 848F409B2CACAEE200CEC7B3;
			remoteInfo = "ios-counter";
		};
		848F40B72CACAEE400CEC7B3 /* PBXContainerItemProxy */ = {
			isa = PBXContainerItemProxy;
			containerPortal = 848F40942CACAEE200CEC7B3 /* Project object */;
			proxyType = 1;
			remoteGlobalIDString = 848F409B2CACAEE200CEC7B3;
			remoteInfo = "ios-counter";
		};
/* End PBXContainerItemProxy section */

/* Begin PBXFileReference section */
		848F409C2CACAEE200CEC7B3 /* ios-counter.app */ = {isa = PBXFileReference; explicitFileType = wrapper.application; includeInIndex = 0; path = "ios-counter.app"; sourceTree = BUILT_PRODUCTS_DIR; };
		848F40AC2CACAEE400CEC7B3 /* ios-counterTests.xctest */ = {isa = PBXFileReference; explicitFileType = wrapper.cfbundle; includeInIndex = 0; path = "ios-counterTests.xctest"; sourceTree = BUILT_PRODUCTS_DIR; };
		848F40B62CACAEE400CEC7B3 /* ios-counterUITests.xctest */ = {isa = PBXFileReference; explicitFileType = wrapper.cfbundle; includeInIndex = 0; path = "ios-counterUITests.xctest"; sourceTree = BUILT_PRODUCTS_DIR; };
/* End PBXFileReference section */

/* Begin PBXFileSystemSynchronizedRootGroup section */
		848F409E2CACAEE200CEC7B3 /* ios-counter */ = {
			isa = PBXFileSystemSynchronizedRootGroup;
			path = "ios-counter";
			sourceTree = "<group>";
		};
		848F40AF2CACAEE400CEC7B3 /* ios-counterTests */ = {
			isa = PBXFileSystemSynchronizedRootGroup;
			path = "ios-counterTests";
			sourceTree = "<group>";
		};
		848F40B92CACAEE400CEC7B3 /* ios-counterUITests */ = {
			isa = PBXFileSystemSynchronizedRootGroup;
			path = "ios-counterUITests";
			sourceTree = "<group>";
		};
/* End PBXFileSystemSynchronizedRootGroup section */

/* Begin PBXFrameworksBuildPhase section */
		848F40992CACAEE200CEC7B3 /* Frameworks */ = {
			isa = PBXFrameworksBuildPhase;
			buildActionMask = 2147483647;
			files = (
			);
			runOnlyForDeploymentPostprocessing = 0;
		};
		848F40A92CACAEE400CEC7B3 /* Frameworks */ = {
			isa = PBXFrameworksBuildPhase;
			buildActionMask = 2147483647;
			files = (
			);
			runOnlyForDeploymentPostprocessing = 0;
		};
		848F40B32CACAEE400CEC7B3 /* Frameworks */ = {
			isa = PBXFrameworksBuildPhase;
			buildActionMask = 2147483647;
			files = (
			);
			runOnlyForDeploymentPostprocessing = 0;
		};
/* End PBXFrameworksBuildPhase section */

/* Begin PBXGroup section */
		848F40932CACAEE200CEC7B3 = {
			isa = PBXGroup;
			children = (
				848F409E2CACAEE200CEC7B3 /* ios-counter */,
				848F40AF2CACAEE400CEC7B3 /* ios-counterTests */,
				848F40B92CACAEE400CEC7B3 /* ios-counterUITests */,
				848F409D2CACAEE200CEC7B3 /* Products */,
			);
			sourceTree = "<group>";
		};
		848F409D2CACAEE200CEC7B3 /* Products */ = {
			isa = PBXGroup;
			children = (
				848F409C2CACAEE200CEC7B3 /* ios-counter.app */,
				848F40AC2CACAEE400CEC7B3 /* ios-counterTests.xctest */,
				848F40B62CACAEE400CEC7B3 /* ios-counterUITests.xctest */,
			);
			name = Products;
			sourceTree = "<group>";
		};
/* End PBXGroup section */

/* Begin PBXNativeTarget section */
		848F409B2CACAEE200CEC7B3 /* ios-counter */ = {
			isa = PBXNativeTarget;
			buildConfigurationList = 848F40C02CACAEE400CEC7B3 /* Build configuration list for PBXNativeTarget "ios-counter" */;
			buildPhases = (
				848F40982CACAEE200CEC7B3 /* Sources */,
				848F40992CACAEE200CEC7B3 /* Frameworks */,
				848F409A2CACAEE200CEC7B3 /* Resources */,
			);
			buildRules = (
			);
			dependencies = (
			);
			fileSystemSynchronizedGroups = (
				848F409E2CACAEE200CEC7B3 /* ios-counter */,
			);
			name = "ios-counter";
			packageProductDependencies = (
			);
			productName = "ios-counter";
			productReference = 848F409C2CACAEE200CEC7B3 /* ios-counter.app */;
			productType = "com.apple.product-type.application";
		};
		848F40AB2CACAEE400CEC7B3 /* ios-counterTests */ = {
			isa = PBXNativeTarget;
			buildConfigurationList = 848F40C32CACAEE400CEC7B3 /* Build configuration list for PBXNativeTarget "ios-counterTests" */;
			buildPhases = (
				848F40A82CACAEE400CEC7B3 /* Sources */,
				848F40A92CACAEE400CEC7B3 /* Frameworks */,
				848F40AA2CACAEE400CEC7B3 /* Resources */,
			);
			buildRules = (
			);
			dependencies = (
				848F40AE2CACAEE400CEC7B3 /* PBXTargetDependency */,
			);
			fileSystemSynchronizedGroups = (
				848F40AF2CACAEE400CEC7B3 /* ios-counterTests */,
			);
			name = "ios-counterTests";
			packageProductDependencies = (
			);
			productName = "ios-counterTests";
			productReference = 848F40AC2CACAEE400CEC7B3 /* ios-counterTests.xctest */;
			productType = "com.apple.product-type.bundle.unit-test";
		};
		848F40B52CACAEE400CEC7B3 /* ios-counterUITests */ = {
			isa = PBXNativeTarget;
			buildConfigurationList = 848F40C62CACAEE400CEC7B3 /* Build configuration list for PBXNativeTarget "ios-counterUITests" */;
			buildPhases = (
				848F40B22CACAEE400CEC7B3 /* Sources */,
				848F40B32CACAEE400CEC7B3 /* Frameworks */,
				848F40B42CACAEE400CEC7B3 /* Resources */,
			);
			buildRules = (
			);
			dependencies = (
				848F40B82CACAEE400CEC7B3 /* PBXTargetDependency */,
			);
			fileSystemSynchronizedGroups = (
				848F40B92CACAEE400CEC7B3 /* ios-counterUITests */,
			);
			name = "ios-counterUITests";
			packageProductDependencies = (
			);
			productName = "ios-counterUITests";
			productReference = 848F40B62CACAEE400CEC7B3 /* ios-counterUITests.xctest */;
			productType = "com.apple.product-type.bundle.ui-testing";
		};
/* End PBXNativeTarget section */

/* Begin PBXProject section */
		848F40942CACAEE200CEC7B3 /* Project object */ = {
			isa = PBXProject;
			attributes = {
				BuildIndependentTargetsInParallel = 1;
				LastSwiftUpdateCheck = 1600;
				LastUpgradeCheck = 1600;
				TargetAttributes = {
					848F409B2CACAEE200CEC7B3 = {
						CreatedOnToolsVersion = 16.0;
					};
					848F40AB2CACAEE400CEC7B3 = {
						CreatedOnToolsVersion = 16.0;
						TestTargetID = 848F409B2CACAEE200CEC7B3;
					};
					848F40B52CACAEE400CEC7B3 = {
						CreatedOnToolsVersion = 16.0;
						TestTargetID = 848F409B2CACAEE200CEC7B3;
					};
				};
			};
			buildConfigurationList = 848F40972CACAEE200CEC7B3 /* Build configuration list for PBXProject "ios-counter" */;
			developmentRegion = en;
			hasScannedForEncodings = 0;
			knownRegions = (
				en,
				Base,
			);
			mainGroup = 848F40932CACAEE200CEC7B3;
			minimizedProjectReferenceProxies = 1;
			preferredProjectObjectVersion = 77;
			productRefGroup = 848F409D2CACAEE200CEC7B3 /* Products */;
			projectDirPath = "";
			projectRoot = "";
			targets = (
				848F409B2CACAEE200CEC7B3 /* ios-counter */,
				848F40AB2CACAEE400CEC7B3 /* ios-counterTests */,
				848F40B52CACAEE400CEC7B3 /* ios-counterUITests */,
			);
		};
/* End PBXProject section */

/* Begin PBXResourcesBuildPhase section */
		848F409A2CACAEE200CEC7B3 /* Resources */ = {
			isa = PBXResourcesBuildPhase;
			buildActionMask = 2147483647;
			files = (
			);
			runOnlyForDeploymentPostprocessing = 0;
		};
		848F40AA2CACAEE400CEC7B3 /* Resources */ = {
			isa = PBXResourcesBuildPhase;
			buildActionMask = 2147483647;
			files = (
			);
			runOnlyForDeploymentPostprocessing = 0;
		};
		848F40B42CACAEE400CEC7B3 /* Resources */ = {
			isa = PBXResourcesBuildPhase;
			buildActionMask = 2147483647;
			files = (
			);
			runOnlyForDeploymentPostprocessing = 0;
		};
/* End PBXResourcesBuildPhase section */

/* Begin PBXSourcesBuildPhase section */
		848F40982CACAEE200CEC7B3 /* Sources */ = {
			isa = PBXSourcesBuildPhase;
			buildActionMask = 2147483647;
			files = (
			);
			runOnlyForDeploymentPostprocessing = 0;
		};
		848F40A82CACAEE400CEC7B3 /* Sources */ = {
			isa = PBXSourcesBuildPhase;
			buildActionMask = 2147483647;
			files = (
			);
			runOnlyForDeploymentPostprocessing = 0;
		};
		848F40B22CACAEE400CEC7B3 /* Sources */ = {
			isa = PBXSourcesBuildPhase;
			buildActionMask = 2147483647;
			files = (
			);
			runOnlyForDeploymentPostprocessing = 0;
		};
/* End PBXSourcesBuildPhase section */

/* Begin PBXTargetDependency section */
		848F40AE2CACAEE400CEC7B3 /* PBXTargetDependency */ = {
			isa = PBXTargetDependency;
			target = 848F409B2CACAEE200CEC7B3 /* ios-counter */;
			targetProxy = 848F40AD2CACAEE400CEC7B3 /* PBXContainerItemProxy */;
		};
		848F40B82CACAEE400CEC7B3 /* PBXTargetDependency */ = {
			isa = PBXTargetDependency;
			target = 848F409B2CACAEE200CEC7B3 /* ios-counter */;
			targetProxy = 848F40B72CACAEE400CEC7B3 /* PBXContainerItemProxy */;
		};
/* End PBXTargetDependency section */

/* Begin XCBuildConfiguration section */
		848F40BE2CACAEE400CEC7B3 /* Debug */ = {
			isa = XCBuildConfiguration;
			buildSettings = {
				ALWAYS_SEARCH_USER_PATHS = NO;
				ASSETCATALOG_COMPILER_GENERATE_SWIFT_ASSET_SYMBOL_EXTENSIONS = YES;
				CLANG_ANALYZER_NONNULL = YES;
				CLANG_ANALYZER_NUMBER_OBJECT_CONVERSION = YES_AGGRESSIVE;
				CLANG_CXX_LANGUAGE_STANDARD = "gnu++20";
				CLANG_ENABLE_MODULES = YES;
				CLANG_ENABLE_OBJC_ARC = YES;
				CLANG_ENABLE_OBJC_WEAK = YES;
				CLANG_WARN_BLOCK_CAPTURE_AUTORELEASING = YES;
				CLANG_WARN_BOOL_CONVERSION = YES;
				CLANG_WARN_COMMA = YES;
				CLANG_WARN_CONSTANT_CONVERSION = YES;
				CLANG_WARN_DEPRECATED_OBJC_IMPLEMENTATIONS = YES;
				CLANG_WARN_DIRECT_OBJC_ISA_USAGE = YES_ERROR;
				CLANG_WARN_DOCUMENTATION_COMMENTS = YES;
				CLANG_WARN_EMPTY_BODY = YES;
				CLANG_WARN_ENUM_CONVERSION = YES;
				CLANG_WARN_INFINITE_RECURSION = YES;
				CLANG_WARN_INT_CONVERSION = YES;
				CLANG_WARN_NON_LITERAL_NULL_CONVERSION = YES;
				CLANG_WARN_OBJC_IMPLICIT_RETAIN_SELF = YES;
				CLANG_WARN_OBJC_LITERAL_CONVERSION = YES;
				CLANG_WARN_OBJC_ROOT_CLASS = YES_ERROR;
				CLANG_WARN_QUOTED_INCLUDE_IN_FRAMEWORK_HEADER = YES;
				CLANG_WARN_RANGE_LOOP_ANALYSIS = YES;
				CLANG_WARN_STRICT_PROTOTYPES = YES;
				CLANG_WARN_SUSPICIOUS_MOVE = YES;
				CLANG_WARN_UNGUARDED_AVAILABILITY = YES_AGGRESSIVE;
				CLANG_WARN_UNREACHABLE_CODE = YES;
				CLANG_WARN__DUPLICATE_METHOD_MATCH = YES;
				COPY_PHASE_STRIP = NO;
				DEBUG_INFORMATION_FORMAT = dwarf;
				ENABLE_STRICT_OBJC_MSGSEND = YES;
				ENABLE_TESTABILITY = YES;
				ENABLE_USER_SCRIPT_SANDBOXING = YES;
				GCC_C_LANGUAGE_STANDARD = gnu17;
				GCC_DYNAMIC_NO_PIC = NO;
				GCC_NO_COMMON_BLOCKS = YES;
				GCC_OPTIMIZATION_LEVEL = 0;
				GCC_PREPROCESSOR_DEFINITIONS = (
					"DEBUG=1",
					"$(inherited)",
				);
				GCC_WARN_64_TO_32_BIT_CONVERSION = YES;
				GCC_WARN_ABOUT_RETURN_TYPE = YES_ERROR;
				GCC_WARN_UNDECLARED_SELECTOR = YES;
				GCC_WARN_UNINITIALIZED_AUTOS = YES_AGGRESSIVE;
				GCC_WARN_UNUSED_FUNCTION = YES;
				GCC_WARN_UNUSED_VARIABLE = YES;
				IPHONEOS_DEPLOYMENT_TARGET = 18.0;
				LOCALIZATION_PREFERS_STRING_CATALOGS = YES;
				MTL_ENABLE_DEBUG_INFO = INCLUDE_SOURCE;
				MTL_FAST_MATH = YES;
				ONLY_ACTIVE_ARCH = YES;
				SDKROOT = iphoneos;
				SWIFT_ACTIVE_COMPILATION_CONDITIONS = "DEBUG $(inherited)";
				SWIFT_OPTIMIZATION_LEVEL = "-Onone";
			};
			name = Debug;
		};
		848F40BF2CACAEE400CEC7B3 /* Release */ = {
			isa = XCBuildConfiguration;
			buildSettings = {
				ALWAYS_SEARCH_USER_PATHS = NO;
				ASSETCATALOG_COMPILER_GENERATE_SWIFT_ASSET_SYMBOL_EXTENSIONS = YES;
				CLANG_ANALYZER_NONNULL = YES;
				CLANG_ANALYZER_NUMBER_OBJECT_CONVERSION = YES_AGGRESSIVE;
				CLANG_CXX_LANGUAGE_STANDARD = "gnu++20";
				CLANG_ENABLE_MODULES = YES;
				CLANG_ENABLE_OBJC_ARC = YES;
				CLANG_ENABLE_OBJC_WEAK = YES;
				CLANG_WARN_BLOCK_CAPTURE_AUTORELEASING = YES;
				CLANG_WARN_BOOL_CONVERSION = YES;
				CLANG_WARN_COMMA = YES;
				CLANG_WARN_CONSTANT_CONVERSION = YES;
				CLANG_WARN_DEPRECATED_OBJC_IMPLEMENTATIONS = YES;
				CLANG_WARN_DIRECT_OBJC_ISA_USAGE = YES_ERROR;
				CLANG_WARN_DOCUMENTATION_COMMENTS = YES;
				CLANG_WARN_EMPTY_BODY = YES;
				CLANG_WARN_ENUM_CONVERSION = YES;
				CLANG_WARN_INFINITE_RECURSION = YES;
				CLANG_WARN_INT_CONVERSION = YES;
				CLANG_WARN_NON_LITERAL_NULL_CONVERSION = YES;
				CLANG_WARN_OBJC_IMPLICIT_RETAIN_SELF = YES;
				CLANG_WARN_OBJC_LITERAL_CONVERSION = YES;
				CLANG_WARN_OBJC_ROOT_CLASS = YES_ERROR;
				CLANG_WARN_QUOTED_INCLUDE_IN_FRAMEWORK_HEADER = YES;
				CLANG_WARN_RANGE_LOOP_ANALYSIS = YES;
				CLANG_WARN_STRICT_PROTOTYPES = YES;
				CLANG_WARN_SUSPICIOUS_MOVE = YES;
				CLANG_WARN_UNGUARDED_AVAILABILITY = YES_AGGRESSIVE;
				CLANG_WARN_UNREACHABLE_CODE = YES;
				CLANG_WARN__DUPLICATE_METHOD_MATCH = YES;
				COPY_PHASE_STRIP = NO;
				DEBUG_INFORMATION_FORMAT = "dwarf-with-dsym";
				ENABLE_NS_ASSERTIONS = NO;
				ENABLE_STRICT_OBJC_MSGSEND = YES;
				ENABLE_USER_SCRIPT_SANDBOXING = YES;
				GCC_C_LANGUAGE_STANDARD = gnu17;
				GCC_NO_COMMON_BLOCKS = YES;
				GCC_WARN_64_TO_32_BIT_CONVERSION = YES;
				GCC_WARN_ABOUT_RETURN_TYPE = YES_ERROR;
				GCC_WARN_UNDECLARED_SELECTOR = YES;
				GCC_WARN_UNINITIALIZED_AUTOS = YES_AGGRESSIVE;
				GCC_WARN_UNUSED_FUNCTION = YES;
				GCC_WARN_UNUSED_VARIABLE = YES;
				IPHONEOS_DEPLOYMENT_TARGET = 18.0;
				LOCALIZATION_PREFERS_STRING_CATALOGS = YES;
				MTL_ENABLE_DEBUG_INFO = NO;
				MTL_FAST_MATH = YES;
				SDKROOT = iphoneos;
				SWIFT_COMPILATION_MODE = wholemodule;
				VALIDATE_PRODUCT = YES;
			};
			name = Release;
		};
		848F40C12CACAEE400CEC7B3 /* Debug */ = {
			isa = XCBuildConfiguration;
			buildSettings = {
				ASSETCATALOG_COMPILER_APPICON_NAME = AppIcon;
				ASSETCATALOG_COMPILER_GLOBAL_ACCENT_COLOR_NAME = AccentColor;
				CODE_SIGN_STYLE = Automatic;
				CURRENT_PROJECT_VERSION = 1;
				DEVELOPMENT_ASSET_PATHS = "\"ios-counter/Preview Content\"";
				ENABLE_PREVIEWS = YES;
				GENERATE_INFOPLIST_FILE = YES;
				INFOPLIST_KEY_UIApplicationSceneManifest_Generation = YES;
				INFOPLIST_KEY_UIApplicationSupportsIndirectInputEvents = YES;
				INFOPLIST_KEY_UILaunchScreen_Generation = YES;
				INFOPLIST_KEY_UISupportedInterfaceOrientations_iPad = "UIInterfaceOrientationPortrait UIInterfaceOrientationPortraitUpsideDown UIInterfaceOrientationLandscapeLeft UIInterfaceOrientationLandscapeRight";
				INFOPLIST_KEY_UISupportedInterfaceOrientations_iPhone = "UIInterfaceOrientationPortrait UIInterfaceOrientationLandscapeLeft UIInterfaceOrientationLandscapeRight";
				LD_RUNPATH_SEARCH_PATHS = (
					"$(inherited)",
					"@executable_path/Frameworks",
				);
				MARKETING_VERSION = 1.0;
				PRODUCT_BUNDLE_IDENTIFIER = "App-Team.ios-counter";
				PRODUCT_NAME = "$(TARGET_NAME)";
				SWIFT_EMIT_LOC_STRINGS = YES;
				SWIFT_VERSION = 5.0;
				TARGETED_DEVICE_FAMILY = "1,2";
			};
			name = Debug;
		};
		848F40C22CACAEE400CEC7B3 /* Release */ = {
			isa = XCBuildConfiguration;
			buildSettings = {
				ASSETCATALOG_COMPILER_APPICON_NAME = AppIcon;
				ASSETCATALOG_COMPILER_GLOBAL_ACCENT_COLOR_NAME = AccentColor;
				CODE_SIGN_STYLE = Automatic;
				CURRENT_PROJECT_VERSION = 1;
				DEVELOPMENT_ASSET_PATHS = "\"ios-counter/Preview Content\"";
				ENABLE_PREVIEWS = YES;
				GENERATE_INFOPLIST_FILE = YES;
				INFOPLIST_KEY_UIApplicationSceneManifest_Generation = YES;
				INFOPLIST_KEY_UIApplicationSupportsIndirectInputEvents = YES;
				INFOPLIST_KEY_UILaunchScreen_Generation = YES;
				INFOPLIST_KEY_UISupportedInterfaceOrientations_iPad = "UIInterfaceOrientationPortrait UIInterfaceOrientationPortraitUpsideDown UIInterfaceOrientationLandscapeLeft UIInterfaceOrientationLandscapeRight";
				INFOPLIST_KEY_UISupportedInterfaceOrientations_iPhone = "UIInterfaceOrientationPortrait UIInterfaceOrientationLandscapeLeft UIInterfaceOrientationLandscapeRight";
				LD_RUNPATH_SEARCH_PATHS = (
					"$(inherited)",
					"@executable_path/Frameworks",
				);
				MARKETING_VERSION = 1.0;
				PRODUCT_BUNDLE_IDENTIFIER = "App-Team.ios-counter";
				PRODUCT_NAME = "$(TARGET_NAME)";
				SWIFT_EMIT_LOC_STRINGS = YES;
				SWIFT_VERSION = 5.0;
				TARGETED_DEVICE_FAMILY = "1,2";
			};
			name = Release;
		};
		848F40C42CACAEE400CEC7B3 /* Debug */ = {
			isa = XCBuildConfiguration;
			buildSettings = {
				BUNDLE_LOADER = "$(TEST_HOST)";
				CODE_SIGN_STYLE = Automatic;
				CURRENT_PROJECT_VERSION = 1;
				GENERATE_INFOPLIST_FILE = YES;
				IPHONEOS_DEPLOYMENT_TARGET = 18.0;
				MARKETING_VERSION = 1.0;
				PRODUCT_BUNDLE_IDENTIFIER = "App-Team.ios-counterTests";
				PRODUCT_NAME = "$(TARGET_NAME)";
				SWIFT_EMIT_LOC_STRINGS = NO;
				SWIFT_VERSION = 5.0;
				TARGETED_DEVICE_FAMILY = "1,2";
				TEST_HOST = "$(BUILT_PRODUCTS_DIR)/ios-counter.app/$(BUNDLE_EXECUTABLE_FOLDER_PATH)/ios-counter";
			};
			name = Debug;
		};
		848F40C52CACAEE400CEC7B3 /* Release */ = {
			isa = XCBuildConfiguration;
			buildSettings = {
				BUNDLE_LOADER = "$(TEST_HOST)";
				CODE_SIGN_STYLE = Automatic;
				CURRENT_PROJECT_VERSION = 1;
				GENERATE_INFOPLIST_FILE = YES;
				IPHONEOS_DEPLOYMENT_TARGET = 18.0;
				MARKETING_VERSION = 1.0;
				PRODUCT_BUNDLE_IDENTIFIER = "App-Team.ios-counterTests";
				PRODUCT_NAME = "$(TARGET_NAME)";
				SWIFT_EMIT_LOC_STRINGS = NO;
				SWIFT_VERSION = 5.0;
				TARGETED_DEVICE_FAMILY = "1,2";
				TEST_HOST = "$(BUILT_PRODUCTS_DIR)/ios-counter.app/$(BUNDLE_EXECUTABLE_FOLDER_PATH)/ios-counter";
			};
			name = Release;
		};
		848F40C72CACAEE400CEC7B3 /* Debug */ = {
			isa = XCBuildConfiguration;
			buildSettings = {
				CODE_SIGN_STYLE = Automatic;
				CURRENT_PROJECT_VERSION = 1;
				GENERATE_INFOPLIST_FILE = YES;
				MARKETING_VERSION = 1.0;
				PRODUCT_BUNDLE_IDENTIFIER = "App-Team.ios-counterUITests";
				PRODUCT_NAME = "$(TARGET_NAME)";
				SWIFT_EMIT_LOC_STRINGS = NO;
				SWIFT_VERSION = 5.0;
				TARGETED_DEVICE_FAMILY = "1,2";
				TEST_TARGET_NAME = "ios-counter";
			};
			name = Debug;
		};
		848F40C82CACAEE400CEC7B3 /* Release */ = {
			isa = XCBuildConfiguration;
			buildSettings = {
				CODE_SIGN_STYLE = Automatic;
				CURRENT_PROJECT_VERSION = 1;
				GENERATE_INFOPLIST_FILE = YES;
				MARKETING_VERSION = 1.0;
				PRODUCT_BUNDLE_IDENTIFIER = "App-Team.ios-counterUITests";
				PRODUCT_NAME = "$(TARGET_NAME)";
				SWIFT_EMIT_LOC_STRINGS = NO;
				SWIFT_VERSION = 5.0;
				TARGETED_DEVICE_FAMILY = "1,2";
				TEST_TARGET_NAME = "ios-counter";
			};
			name = Release;
		};
/* End XCBuildConfiguration section */

/* Begin XCConfigurationList section */
		848F40972CACAEE200CEC7B3 /* Build configuration list for PBXProject "ios-counter" */ = {
			isa = XCConfigurationList;
			buildConfigurations = (
				848F40BE2CACAEE400CEC7B3 /* Debug */,
				848F40BF2CACAEE400CEC7B3 /* Release */,
			);
			defaultConfigurationIsVisible = 0;
			defaultConfigurationName = Release;
		};
		848F40C02CACAEE400CEC7B3 /* Build configuration list for PBXNativeTarget "ios-counter" */ = {
			isa = XCConfigurationList;
			buildConfigurations = (
				848F40C12CACAEE400CEC7B3 /* Debug */,
				848F40C22CACAEE400CEC7B3 /* Release */,
			);
			defaultConfigurationIsVisible = 0;
			defaultConfigurationName = Release;
		};
		848F40C32CACAEE400CEC7B3 /* Build configuration list for PBXNativeTarget "ios-counterTests" */ = {
			isa = XCConfigurationList;
			buildConfigurations = (
				848F40C42CACAEE400CEC7B3 /* Debug */,
				848F40C52CACAEE400CEC7B3 /* Release */,
			);
			defaultConfigurationIsVisible = 0;
			defaultConfigurationName = Release;
		};
		848F40C62CACAEE400CEC7B3 /* Build configuration list for PBXNativeTarget "ios-counterUITests" */ = {
			isa = XCConfigurationList;
			buildConfigurations = (
				848F40C72CACAEE400CEC7B3 /* Debug */,
				848F40C82CACAEE400CEC7B3 /* Release */,
			);
			defaultConfigurationIsVisible = 0;
			defaultConfigurationName = Release;
		};
/* End XCConfigurationList section */
	};
	rootObject = 848F40942CACAEE200CEC7B3 /* Project object */;
}
